
Microsoft Visual Studio Solution File, Format Version 12.00
# Visual Studio Version 16
VisualStudioVersion = 16.0.31129.286
MinimumVisualStudioVersion = 10.0.40219.1
Project("{FAE04EC0-301F-11D3-BF4B-00C04F79EFBC}") = "LinqAndPlinq", "LinqAndPlinq\LinqAndPlinq.csproj", "{C8064EA8-66B0-415F-B709-50C6B050CAE6}"
EndProject
Global
	GlobalSection(SolutionConfigurationPlatforms) = preSolution
		Debug|Any CPU = Debug|Any CPU
		Release|Any CPU = Release|Any CPU
	EndGlobalSection
	GlobalSection(ProjectConfigurationPlatforms) = postSolution
		{C8064EA8-66B0-415F-B709-50C6B050CAE6}.Debug|Any CPU.ActiveCfg = Debug|Any CPU
		{C8064EA8-66B0-415F-B709-50C6B050CAE6}.Debug|Any CPU.Build.0 = Debug|Any CPU
		{C8064EA8-66B0-415F-B709-50C6B050CAE6}.Release|Any CPU.ActiveCfg = Release|Any CPU
		{C8064EA8-66B0-415F-B709-50C6B050CAE6}.Release|Any CPU.Build.0 = Release|Any CPU
	EndGlobalSection
	GlobalSection(SolutionProperties) = preSolution
		HideSolutionNode = FALSE
	EndGlobalSection
	GlobalSection(ExtensibilityGlobals) = postSolution
		SolutionGuid = {79694998-DAAB-4393-A473-4986F3C6E137}
	EndGlobalSection
EndGlobal
